
Microsoft Visual Studio Solution File, Format Version 12.00
# Visual Studio Version 17
VisualStudioVersion = 17.8.34330.188
MinimumVisualStudioVersion = 10.0.40219.1
Project("{8BC9CEB8-8B4A-11D0-8D11-00A0C91BC942}") = "PathTracer", "PathTracer\PathTracer.vcxproj", "{7DCF1A22-6634-4004-9586-3888F94A263F}"
EndProject
Global
	GlobalSection(SolutionConfigurationPlatforms) = preSolution
		Debug|x64 = Debug|x64
		Debug|x86 = Debug|x86
		Release|x64 = Release|x64
		Release|x86 = Release|x86
	EndGlobalSection
	GlobalSection(ProjectConfigurationPlatforms) = postSolution
		{7DCF1A22-6634-4004-9586-3888F94A263F}.Debug|x64.ActiveCfg = Debug|x64
		{7DCF1A22-6634-4004-9586-3888F94A263F}.Debug|x64.Build.0 = Debug|x64
		{7DCF1A22-6634-4004-9586-3888F94A263F}.Debug|x86.ActiveCfg = Debug|Win32
		{7DCF1A22-6634-4004-9586-3888F94A263F}.Debug|x86.Build.0 = Debug|Win32
		{7DCF1A22-6634-4004-9586-3888F94A263F}.Release|x64.ActiveCfg = Release|x64
		{7DCF1A22-6634-4004-9586-3888F94A263F}.Release|x64.Build.0 = Release|x64
		{7DCF1A22-6634-4004-9586-3888F94A263F}.Release|x86.ActiveCfg = Release|Win32
		{7DCF1A22-6634-4004-9586-3888F94A263F}.Release|x86.Build.0 = Release|Win32
	EndGlobalSection
	GlobalSection(SolutionProperties) = preSolution
		HideSolutionNode = FALSE
	EndGlobalSection
	GlobalSection(ExtensibilityGlobals) = postSolution
		SolutionGuid = {F9B8B1F8-655E-42B9-B243-863F890EC579}
	EndGlobalSection
EndGlobal
